
Microsoft Visual Studio Solution File, Format Version 12.00
# Visual Studio 2012
Project("{FAE04EC0-301F-11D3-BF4B-00C04F79EFBC}") = "OpenTokIOS", "OpenTokIOS\OpenTokIOS.csproj", "{23965371-7F74-42A0-AAA4-306750BF5A4D}"
EndProject
Project("{FAE04EC0-301F-11D3-BF4B-00C04F79EFBC}") = "OpenTok.Binding.iOS", "..\Bindings\OpenTok.Binding.iOS\OpenTok.Binding.iOS.csproj", "{D6C0C6F5-C943-44ED-9D09-A1084B97F4ED}"
EndProject
Global
	GlobalSection(SolutionConfigurationPlatforms) = preSolution
		Debug|iPhoneSimulator = Debug|iPhoneSimulator
		Release|iPhoneSimulator = Release|iPhoneSimulator
		Debug|iPhone = Debug|iPhone
		Release|iPhone = Release|iPhone
		Ad-Hoc|iPhone = Ad-Hoc|iPhone
		AppStore|iPhone = AppStore|iPhone
	EndGlobalSection
	GlobalSection(ProjectConfigurationPlatforms) = postSolution
		{23965371-7F74-42A0-AAA4-306750BF5A4D}.Ad-Hoc|iPhone.ActiveCfg = Ad-Hoc|iPhone
		{23965371-7F74-42A0-AAA4-306750BF5A4D}.Ad-Hoc|iPhone.Build.0 = Ad-Hoc|iPhone
		{23965371-7F74-42A0-AAA4-306750BF5A4D}.AppStore|iPhone.ActiveCfg = AppStore|iPhone
		{23965371-7F74-42A0-AAA4-306750BF5A4D}.AppStore|iPhone.Build.0 = AppStore|iPhone
		{23965371-7F74-42A0-AAA4-306750BF5A4D}.Debug|iPhone.ActiveCfg = Debug|iPhone
		{23965371-7F74-42A0-AAA4-306750BF5A4D}.Debug|iPhone.Build.0 = Debug|iPhone
		{23965371-7F74-42A0-AAA4-306750BF5A4D}.Debug|iPhoneSimulator.ActiveCfg = Debug|iPhoneSimulator
		{23965371-7F74-42A0-AAA4-306750BF5A4D}.Debug|iPhoneSimulator.Build.0 = Debug|iPhoneSimulator
		{23965371-7F74-42A0-AAA4-306750BF5A4D}.Release|iPhone.ActiveCfg = Release|iPhone
		{23965371-7F74-42A0-AAA4-306750BF5A4D}.Release|iPhone.Build.0 = Release|iPhone
		{23965371-7F74-42A0-AAA4-306750BF5A4D}.Release|iPhoneSimulator.ActiveCfg = Release|iPhoneSimulator
		{23965371-7F74-42A0-AAA4-306750BF5A4D}.Release|iPhoneSimulator.Build.0 = Release|iPhoneSimulator
		{D6C0C6F5-C943-44ED-9D09-A1084B97F4ED}.Ad-Hoc|iPhone.ActiveCfg = Release|Any CPU
		{D6C0C6F5-C943-44ED-9D09-A1084B97F4ED}.Ad-Hoc|iPhone.Build.0 = Release|Any CPU
		{D6C0C6F5-C943-44ED-9D09-A1084B97F4ED}.AppStore|iPhone.ActiveCfg = Release|Any CPU
		{D6C0C6F5-C943-44ED-9D09-A1084B97F4ED}.AppStore|iPhone.Build.0 = Release|Any CPU
		{D6C0C6F5-C943-44ED-9D09-A1084B97F4ED}.Debug|iPhone.ActiveCfg = Debug|Any CPU
		{D6C0C6F5-C943-44ED-9D09-A1084B97F4ED}.Debug|iPhone.Build.0 = Debug|Any CPU
		{D6C0C6F5-C943-44ED-9D09-A1084B97F4ED}.Debug|iPhoneSimulator.ActiveCfg = Debug|Any CPU
		{D6C0C6F5-C943-44ED-9D09-A1084B97F4ED}.Debug|iPhoneSimulator.Build.0 = Debug|Any CPU
		{D6C0C6F5-C943-44ED-9D09-A1084B97F4ED}.Release|iPhone.ActiveCfg = Release|Any CPU
		{D6C0C6F5-C943-44ED-9D09-A1084B97F4ED}.Release|iPhone.Build.0 = Release|Any CPU
		{D6C0C6F5-C943-44ED-9D09-A1084B97F4ED}.Release|iPhoneSimulator.ActiveCfg = Release|Any CPU
		{D6C0C6F5-C943-44ED-9D09-A1084B97F4ED}.Release|iPhoneSimulator.Build.0 = Release|Any CPU
	EndGlobalSection
EndGlobal
